// !$*UTF8*$!
{
	archiveVersion = 1;
	classes = {
	};
	objectVersion = 50;
	objects = {

/* Begin PBXBuildFile section */
		224FECB3262060E5000D0D9A /* AppDelegate.swift in Sources */ = {isa = PBXBuildFile; fileRef = 224FECB2262060E5000D0D9A /* AppDelegate.swift */; };
		224FECB5262060E5000D0D9A /* SceneDelegate.swift in Sources */ = {isa = PBXBuildFile; fileRef = 224FECB4262060E5000D0D9A /* SceneDelegate.swift */; };
		224FECB7262060E5000D0D9A /* ViewController.swift in Sources */ = {isa = PBXBuildFile; fileRef = 224FECB6262060E5000D0D9A /* ViewController.swift */; };
		224FECBA262060E5000D0D9A /* Main.storyboard in Resources */ = {isa = PBXBuildFile; fileRef = 224FECB8262060E5000D0D9A /* Main.storyboard */; };
		224FECBC262060E8000D0D9A /* Assets.xcassets in Resources */ = {isa = PBXBuildFile; fileRef = 224FECBB262060E8000D0D9A /* Assets.xcassets */; };
		224FECBF262060E8000D0D9A /* LaunchScreen.storyboard in Resources */ = {isa = PBXBuildFile; fileRef = 224FECBD262060E8000D0D9A /* LaunchScreen.storyboard */; };
		224FECCA262060E8000D0D9A /* screenRecorderTests.swift in Sources */ = {isa = PBXBuildFile; fileRef = 224FECC9262060E8000D0D9A /* screenRecorderTests.swift */; };
		224FECD5262060E8000D0D9A /* screenRecorderUITests.swift in Sources */ = {isa = PBXBuildFile; fileRef = 224FECD4262060E8000D0D9A /* screenRecorderUITests.swift */; };
/* End PBXBuildFile section */

/* Begin PBXContainerItemProxy section */
		224FECC6262060E8000D0D9A /* PBXContainerItemProxy */ = {
			isa = PBXContainerItemProxy;
			containerPortal = 224FECA7262060E5000D0D9A /* Project object */;
			proxyType = 1;
			remoteGlobalIDString = 224FECAE262060E5000D0D9A;
			remoteInfo = screenRecorder;
		};
		224FECD1262060E8000D0D9A /* PBXContainerItemProxy */ = {
			isa = PBXContainerItemProxy;
			containerPortal = 224FECA7262060E5000D0D9A /* Project object */;
			proxyType = 1;
			remoteGlobalIDString = 224FECAE262060E5000D0D9A;
			remoteInfo = screenRecorder;
		};
/* End PBXContainerItemProxy section */

/* Begin PBXFileReference section */
		224FECAF262060E5000D0D9A /* screenRecorder.app */ = {isa = PBXFileReference; explicitFileType = wrapper.application; includeInIndex = 0; path = screenRecorder.app; sourceTree = BUILT_PRODUCTS_DIR; };
		224FECB2262060E5000D0D9A /* AppDelegate.swift */ = {isa = PBXFileReference; lastKnownFileType = sourcecode.swift; path = AppDelegate.swift; sourceTree = "<group>"; };
		224FECB4262060E5000D0D9A /* SceneDelegate.swift */ = {isa = PBXFileReference; lastKnownFileType = sourcecode.swift; path = SceneDelegate.swift; sourceTree = "<group>"; };
		224FECB6262060E5000D0D9A /* ViewController.swift */ = {isa = PBXFileReference; lastKnownFileType = sourcecode.swift; path = ViewController.swift; sourceTree = "<group>"; };
		224FECB9262060E5000D0D9A /* Base */ = {isa = PBXFileReference; lastKnownFileType = file.storyboard; name = Base; path = Base.lproj/Main.storyboard; sourceTree = "<group>"; };
		224FECBB262060E8000D0D9A /* Assets.xcassets */ = {isa = PBXFileReference; lastKnownFileType = folder.assetcatalog; path = Assets.xcassets; sourceTree = "<group>"; };
		224FECBE262060E8000D0D9A /* Base */ = {isa = PBXFileReference; lastKnownFileType = file.storyboard; name = Base; path = Base.lproj/LaunchScreen.storyboard; sourceTree = "<group>"; };
		224FECC0262060E8000D0D9A /* Info.plist */ = {isa = PBXFileReference; lastKnownFileType = text.plist.xml; path = Info.plist; sourceTree = "<group>"; };
		224FECC5262060E8000D0D9A /* screenRecorderTests.xctest */ = {isa = PBXFileReference; explicitFileType = wrapper.cfbundle; includeInIndex = 0; path = screenRecorderTests.xctest; sourceTree = BUILT_PRODUCTS_DIR; };
		224FECC9262060E8000D0D9A /* screenRecorderTests.swift */ = {isa = PBXFileReference; lastKnownFileType = sourcecode.swift; path = screenRecorderTests.swift; sourceTree = "<group>"; };
		224FECCB262060E8000D0D9A /* Info.plist */ = {isa = PBXFileReference; lastKnownFileType = text.plist.xml; path = Info.plist; sourceTree = "<group>"; };
		224FECD0262060E8000D0D9A /* screenRecorderUITests.xctest */ = {isa = PBXFileReference; explicitFileType = wrapper.cfbundle; includeInIndex = 0; path = screenRecorderUITests.xctest; sourceTree = BUILT_PRODUCTS_DIR; };
		224FECD4262060E8000D0D9A /* screenRecorderUITests.swift */ = {isa = PBXFileReference; lastKnownFileType = sourcecode.swift; path = screenRecorderUITests.swift; sourceTree = "<group>"; };
		224FECD6262060E8000D0D9A /* Info.plist */ = {isa = PBXFileReference; lastKnownFileType = text.plist.xml; path = Info.plist; sourceTree = "<group>"; };
/* End PBXFileReference section */

/* Begin PBXFrameworksBuildPhase section */
		224FECAC262060E5000D0D9A /* Frameworks */ = {
			isa = PBXFrameworksBuildPhase;
			buildActionMask = 2147483647;
			files = (
			);
			runOnlyForDeploymentPostprocessing = 0;
		};
		224FECC2262060E8000D0D9A /* Frameworks */ = {
			isa = PBXFrameworksBuildPhase;
			buildActionMask = 2147483647;
			files = (
			);
			runOnlyForDeploymentPostprocessing = 0;
		};
		224FECCD262060E8000D0D9A /* Frameworks */ = {
			isa = PBXFrameworksBuildPhase;
			buildActionMask = 2147483647;
			files = (
			);
			runOnlyForDeploymentPostprocessing = 0;
		};
/* End PBXFrameworksBuildPhase section */

/* Begin PBXGroup section */
		224FECA6262060E5000D0D9A = {
			isa = PBXGroup;
			children = (
				224FECB1262060E5000D0D9A /* screenRecorder */,
				224FECC8262060E8000D0D9A /* screenRecorderTests */,
				224FECD3262060E8000D0D9A /* screenRecorderUITests */,
				224FECB0262060E5000D0D9A /* Products */,
			);
			sourceTree = "<group>";
		};
		224FECB0262060E5000D0D9A /* Products */ = {
			isa = PBXGroup;
			children = (
				224FECAF262060E5000D0D9A /* screenRecorder.app */,
				224FECC5262060E8000D0D9A /* screenRecorderTests.xctest */,
				224FECD0262060E8000D0D9A /* screenRecorderUITests.xctest */,
			);
			name = Products;
			sourceTree = "<group>";
		};
		224FECB1262060E5000D0D9A /* screenRecorder */ = {
			isa = PBXGroup;
			children = (
				224FECB2262060E5000D0D9A /* AppDelegate.swift */,
				224FECB4262060E5000D0D9A /* SceneDelegate.swift */,
				224FECB6262060E5000D0D9A /* ViewController.swift */,
				224FECB8262060E5000D0D9A /* Main.storyboard */,
				224FECBB262060E8000D0D9A /* Assets.xcassets */,
				224FECBD262060E8000D0D9A /* LaunchScreen.storyboard */,
				224FECC0262060E8000D0D9A /* Info.plist */,
			);
			path = screenRecorder;
			sourceTree = "<group>";
		};
		224FECC8262060E8000D0D9A /* screenRecorderTests */ = {
			isa = PBXGroup;
			children = (
				224FECC9262060E8000D0D9A /* screenRecorderTests.swift */,
				224FECCB262060E8000D0D9A /* Info.plist */,
			);
			path = screenRecorderTests;
			sourceTree = "<group>";
		};
		224FECD3262060E8000D0D9A /* screenRecorderUITests */ = {
			isa = PBXGroup;
			children = (
				224FECD4262060E8000D0D9A /* screenRecorderUITests.swift */,
				224FECD6262060E8000D0D9A /* Info.plist */,
			);
			path = screenRecorderUITests;
			sourceTree = "<group>";
		};
/* End PBXGroup section */

/* Begin PBXNativeTarget section */
		224FECAE262060E5000D0D9A /* screenRecorder */ = {
			isa = PBXNativeTarget;
			buildConfigurationList = 224FECD9262060E8000D0D9A /* Build configuration list for PBXNativeTarget "screenRecorder" */;
			buildPhases = (
				224FECAB262060E5000D0D9A /* Sources */,
				224FECAC262060E5000D0D9A /* Frameworks */,
				224FECAD262060E5000D0D9A /* Resources */,
			);
			buildRules = (
			);
			dependencies = (
			);
			name = screenRecorder;
			productName = screenRecorder;
			productReference = 224FECAF262060E5000D0D9A /* screenRecorder.app */;
			productType = "com.apple.product-type.application";
		};
		224FECC4262060E8000D0D9A /* screenRecorderTests */ = {
			isa = PBXNativeTarget;
			buildConfigurationList = 224FECDC262060E8000D0D9A /* Build configuration list for PBXNativeTarget "screenRecorderTests" */;
			buildPhases = (
				224FECC1262060E8000D0D9A /* Sources */,
				224FECC2262060E8000D0D9A /* Frameworks */,
				224FECC3262060E8000D0D9A /* Resources */,
			);
			buildRules = (
			);
			dependencies = (
				224FECC7262060E8000D0D9A /* PBXTargetDependency */,
			);
			name = screenRecorderTests;
			productName = screenRecorderTests;
			productReference = 224FECC5262060E8000D0D9A /* screenRecorderTests.xctest */;
			productType = "com.apple.product-type.bundle.unit-test";
		};
		224FECCF262060E8000D0D9A /* screenRecorderUITests */ = {
			isa = PBXNativeTarget;
			buildConfigurationList = 224FECDF262060E8000D0D9A /* Build configuration list for PBXNativeTarget "screenRecorderUITests" */;
			buildPhases = (
				224FECCC262060E8000D0D9A /* Sources */,
				224FECCD262060E8000D0D9A /* Frameworks */,
				224FECCE262060E8000D0D9A /* Resources */,
			);
			buildRules = (
			);
			dependencies = (
				224FECD2262060E8000D0D9A /* PBXTargetDependency */,
			);
			name = screenRecorderUITests;
			productName = screenRecorderUITests;
			productReference = 224FECD0262060E8000D0D9A /* screenRecorderUITests.xctest */;
			productType = "com.apple.product-type.bundle.ui-testing";
		};
/* End PBXNativeTarget section */

/* Begin PBXProject section */
		224FECA7262060E5000D0D9A /* Project object */ = {
			isa = PBXProject;
			attributes = {
				LastSwiftUpdateCheck = 1240;
				LastUpgradeCheck = 1240;
				TargetAttributes = {
					224FECAE262060E5000D0D9A = {
						CreatedOnToolsVersion = 12.4;
					};
					224FECC4262060E8000D0D9A = {
						CreatedOnToolsVersion = 12.4;
						TestTargetID = 224FECAE262060E5000D0D9A;
					};
					224FECCF262060E8000D0D9A = {
						CreatedOnToolsVersion = 12.4;
						TestTargetID = 224FECAE262060E5000D0D9A;
					};
				};
			};
			buildConfigurationList = 224FECAA262060E5000D0D9A /* Build configuration list for PBXProject "screenRecorder" */;
			compatibilityVersion = "Xcode 9.3";
			developmentRegion = en;
			hasScannedForEncodings = 0;
			knownRegions = (
				en,
				Base,
			);
			mainGroup = 224FECA6262060E5000D0D9A;
			productRefGroup = 224FECB0262060E5000D0D9A /* Products */;
			projectDirPath = "";
			projectRoot = "";
			targets = (
				224FECAE262060E5000D0D9A /* screenRecorder */,
				224FECC4262060E8000D0D9A /* screenRecorderTests */,
				224FECCF262060E8000D0D9A /* screenRecorderUITests */,
			);
		};
/* End PBXProject section */

/* Begin PBXResourcesBuildPhase section */
		224FECAD262060E5000D0D9A /* Resources */ = {
			isa = PBXResourcesBuildPhase;
			buildActionMask = 2147483647;
			files = (
				224FECBF262060E8000D0D9A /* LaunchScreen.storyboard in Resources */,
				224FECBC262060E8000D0D9A /* Assets.xcassets in Resources */,
				224FECBA262060E5000D0D9A /* Main.storyboard in Resources */,
			);
			runOnlyForDeploymentPostprocessing = 0;
		};
		224FECC3262060E8000D0D9A /* Resources */ = {
			isa = PBXResourcesBuildPhase;
			buildActionMask = 2147483647;
			files = (
			);
			runOnlyForDeploymentPostprocessing = 0;
		};
		224FECCE262060E8000D0D9A /* Resources */ = {
			isa = PBXResourcesBuildPhase;
			buildActionMask = 2147483647;
			files = (
			);
			runOnlyForDeploymentPostprocessing = 0;
		};
/* End PBXResourcesBuildPhase section */

/* Begin PBXSourcesBuildPhase section */
		224FECAB262060E5000D0D9A /* Sources */ = {
			isa = PBXSourcesBuildPhase;
			buildActionMask = 2147483647;
			files = (
				224FECB7262060E5000D0D9A /* ViewController.swift in Sources */,
				224FECB3262060E5000D0D9A /* AppDelegate.swift in Sources */,
				224FECB5262060E5000D0D9A /* SceneDelegate.swift in Sources */,
			);
			runOnlyForDeploymentPostprocessing = 0;
		};
		224FECC1262060E8000D0D9A /* Sources */ = {
			isa = PBXSourcesBuildPhase;
			buildActionMask = 2147483647;
			files = (
				224FECCA262060E8000D0D9A /* screenRecorderTests.swift in Sources */,
			);
			runOnlyForDeploymentPostprocessing = 0;
		};
		224FECCC262060E8000D0D9A /* Sources */ = {
			isa = PBXSourcesBuildPhase;
			buildActionMask = 2147483647;
			files = (
				224FECD5262060E8000D0D9A /* screenRecorderUITests.swift in Sources */,
			);
			runOnlyForDeploymentPostprocessing = 0;
		};
/* End PBXSourcesBuildPhase section */

/* Begin PBXTargetDependency section */
		224FECC7262060E8000D0D9A /* PBXTargetDependency */ = {
			isa = PBXTargetDependency;
			target = 224FECAE262060E5000D0D9A /* screenRecorder */;
			targetProxy = 224FECC6262060E8000D0D9A /* PBXContainerItemProxy */;
		};
		224FECD2262060E8000D0D9A /* PBXTargetDependency */ = {
			isa = PBXTargetDependency;
			target = 224FECAE262060E5000D0D9A /* screenRecorder */;
			targetProxy = 224FECD1262060E8000D0D9A /* PBXContainerItemProxy */;
		};
/* End PBXTargetDependency section */

/* Begin PBXVariantGroup section */
		224FECB8262060E5000D0D9A /* Main.storyboard */ = {
			isa = PBXVariantGroup;
			children = (
				224FECB9262060E5000D0D9A /* Base */,
			);
			name = Main.storyboard;
			sourceTree = "<group>";
		};
		224FECBD262060E8000D0D9A /* LaunchScreen.storyboard */ = {
			isa = PBXVariantGroup;
			children = (
				224FECBE262060E8000D0D9A /* Base */,
			);
			name = LaunchScreen.storyboard;
			sourceTree = "<group>";
		};
/* End PBXVariantGroup section */

/* Begin XCBuildConfiguration section */
		224FECD7262060E8000D0D9A /* Debug */ = {
			isa = XCBuildConfiguration;
			buildSettings = {
				ALWAYS_SEARCH_USER_PATHS = NO;
				CLANG_ANALYZER_NONNULL = YES;
				CLANG_ANALYZER_NUMBER_OBJECT_CONVERSION = YES_AGGRESSIVE;
				CLANG_CXX_LANGUAGE_STANDARD = "gnu++14";
				CLANG_CXX_LIBRARY = "libc++";
				CLANG_ENABLE_MODULES = YES;
				CLANG_ENABLE_OBJC_ARC = YES;
				CLANG_ENABLE_OBJC_WEAK = YES;
				CLANG_WARN_BLOCK_CAPTURE_AUTORELEASING = YES;
				CLANG_WARN_BOOL_CONVERSION = YES;
				CLANG_WARN_COMMA = YES;
				CLANG_WARN_CONSTANT_CONVERSION = YES;
				CLANG_WARN_DEPRECATED_OBJC_IMPLEMENTATIONS = YES;
				CLANG_WARN_DIRECT_OBJC_ISA_USAGE = YES_ERROR;
				CLANG_WARN_DOCUMENTATION_COMMENTS = YES;
				CLANG_WARN_EMPTY_BODY = YES;
				CLANG_WARN_ENUM_CONVERSION = YES;
				CLANG_WARN_INFINITE_RECURSION = YES;
				CLANG_WARN_INT_CONVERSION = YES;
				CLANG_WARN_NON_LITERAL_NULL_CONVERSION = YES;
				CLANG_WARN_OBJC_IMPLICIT_RETAIN_SELF = YES;
				CLANG_WARN_OBJC_LITERAL_CONVERSION = YES;
				CLANG_WARN_OBJC_ROOT_CLASS = YES_ERROR;
				CLANG_WARN_QUOTED_INCLUDE_IN_FRAMEWORK_HEADER = YES;
				CLANG_WARN_RANGE_LOOP_ANALYSIS = YES;
				CLANG_WARN_STRICT_PROTOTYPES = YES;
				CLANG_WARN_SUSPICIOUS_MOVE = YES;
				CLANG_WARN_UNGUARDED_AVAILABILITY = YES_AGGRESSIVE;
				CLANG_WARN_UNREACHABLE_CODE = YES;
				CLANG_WARN__DUPLICATE_METHOD_MATCH = YES;
				COPY_PHASE_STRIP = NO;
				DEBUG_INFORMATION_FORMAT = dwarf;
				ENABLE_STRICT_OBJC_MSGSEND = YES;
				ENABLE_TESTABILITY = YES;
				GCC_C_LANGUAGE_STANDARD = gnu11;
				GCC_DYNAMIC_NO_PIC = NO;
				GCC_NO_COMMON_BLOCKS = YES;
				GCC_OPTIMIZATION_LEVEL = 0;
				GCC_PREPROCESSOR_DEFINITIONS = (
					"DEBUG=1",
					"$(inherited)",
				);
				GCC_WARN_64_TO_32_BIT_CONVERSION = YES;
				GCC_WARN_ABOUT_RETURN_TYPE = YES_ERROR;
				GCC_WARN_UNDECLARED_SELECTOR = YES;
				GCC_WARN_UNINITIALIZED_AUTOS = YES_AGGRESSIVE;
				GCC_WARN_UNUSED_FUNCTION = YES;
				GCC_WARN_UNUSED_VARIABLE = YES;
				IPHONEOS_DEPLOYMENT_TARGET = 14.4;
				MTL_ENABLE_DEBUG_INFO = INCLUDE_SOURCE;
				MTL_FAST_MATH = YES;
				ONLY_ACTIVE_ARCH = YES;
				SDKROOT = iphoneos;
				SWIFT_ACTIVE_COMPILATION_CONDITIONS = DEBUG;
				SWIFT_OPTIMIZATION_LEVEL = "-Onone";
			};
			name = Debug;
		};
		224FECD8262060E8000D0D9A /* Release */ = {
			isa = XCBuildConfiguration;
			buildSettings = {
				ALWAYS_SEARCH_USER_PATHS = NO;
				CLANG_ANALYZER_NONNULL = YES;
				CLANG_ANALYZER_NUMBER_OBJECT_CONVERSION = YES_AGGRESSIVE;
				CLANG_CXX_LANGUAGE_STANDARD = "gnu++14";
				CLANG_CXX_LIBRARY = "libc++";
				CLANG_ENABLE_MODULES = YES;
				CLANG_ENABLE_OBJC_ARC = YES;
				CLANG_ENABLE_OBJC_WEAK = YES;
				CLANG_WARN_BLOCK_CAPTURE_AUTORELEASING = YES;
				CLANG_WARN_BOOL_CONVERSION = YES;
				CLANG_WARN_COMMA = YES;
				CLANG_WARN_CONSTANT_CONVERSION = YES;
				CLANG_WARN_DEPRECATED_OBJC_IMPLEMENTATIONS = YES;
				CLANG_WARN_DIRECT_OBJC_ISA_USAGE = YES_ERROR;
				CLANG_WARN_DOCUMENTATION_COMMENTS = YES;
				CLANG_WARN_EMPTY_BODY = YES;
				CLANG_WARN_ENUM_CONVERSION = YES;
				CLANG_WARN_INFINITE_RECURSION = YES;
				CLANG_WARN_INT_CONVERSION = YES;
				CLANG_WARN_NON_LITERAL_NULL_CONVERSION = YES;
				CLANG_WARN_OBJC_IMPLICIT_RETAIN_SELF = YES;
				CLANG_WARN_OBJC_LITERAL_CONVERSION = YES;
				CLANG_WARN_OBJC_ROOT_CLASS = YES_ERROR;
				CLANG_WARN_QUOTED_INCLUDE_IN_FRAMEWORK_HEADER = YES;
				CLANG_WARN_RANGE_LOOP_ANALYSIS = YES;
				CLANG_WARN_STRICT_PROTOTYPES = YES;
				CLANG_WARN_SUSPICIOUS_MOVE = YES;
				CLANG_WARN_UNGUARDED_AVAILABILITY = YES_AGGRESSIVE;
				CLANG_WARN_UNREACHABLE_CODE = YES;
				CLANG_WARN__DUPLICATE_METHOD_MATCH = YES;
				COPY_PHASE_STRIP = NO;
				DEBUG_INFORMATION_FORMAT = "dwarf-with-dsym";
				ENABLE_NS_ASSERTIONS = NO;
				ENABLE_STRICT_OBJC_MSGSEND = YES;
				GCC_C_LANGUAGE_STANDARD = gnu11;
				GCC_NO_COMMON_BLOCKS = YES;
				GCC_WARN_64_TO_32_BIT_CONVERSION = YES;
				GCC_WARN_ABOUT_RETURN_TYPE = YES_ERROR;
				GCC_WARN_UNDECLARED_SELECTOR = YES;
				GCC_WARN_UNINITIALIZED_AUTOS = YES_AGGRESSIVE;
				GCC_WARN_UNUSED_FUNCTION = YES;
				GCC_WARN_UNUSED_VARIABLE = YES;
				IPHONEOS_DEPLOYMENT_TARGET = 14.4;
				MTL_ENABLE_DEBUG_INFO = NO;
				MTL_FAST_MATH = YES;
				SDKROOT = iphoneos;
				SWIFT_COMPILATION_MODE = wholemodule;
				SWIFT_OPTIMIZATION_LEVEL = "-O";
				VALIDATE_PRODUCT = YES;
			};
			name = Release;
		};
		224FECDA262060E8000D0D9A /* Debug */ = {
			isa = XCBuildConfiguration;
			buildSettings = {
				ASSETCATALOG_COMPILER_APPICON_NAME = AppIcon;
				ASSETCATALOG_COMPILER_GLOBAL_ACCENT_COLOR_NAME = AccentColor;
				CODE_SIGN_IDENTITY = "Apple Development";
				CODE_SIGN_STYLE = Automatic;
				DEVELOPMENT_TEAM = 82AUJH8593;
				INFOPLIST_FILE = screenRecorder/Info.plist;
				LD_RUNPATH_SEARCH_PATHS = (
					"$(inherited)",
					"@executable_path/Frameworks",
				);
				PRODUCT_BUNDLE_IDENTIFIER = in.adityakr;
				PRODUCT_NAME = "$(TARGET_NAME)";
				PROVISIONING_PROFILE_SPECIFIER = "";
				SWIFT_VERSION = 5.0;
				TARGETED_DEVICE_FAMILY = 1;
			};
			name = Debug;
		};
		224FECDB262060E8000D0D9A /* Release */ = {
			isa = XCBuildConfiguration;
			buildSettings = {
				ASSETCATALOG_COMPILER_APPICON_NAME = AppIcon;
				ASSETCATALOG_COMPILER_GLOBAL_ACCENT_COLOR_NAME = AccentColor;
				CODE_SIGN_IDENTITY = "Apple Development";
				CODE_SIGN_STYLE = Automatic;
				DEVELOPMENT_TEAM = 82AUJH8593;
				INFOPLIST_FILE = screenRecorder/Info.plist;
				LD_RUNPATH_SEARCH_PATHS = (
					"$(inherited)",
					"@executable_path/Frameworks",
				);
				PRODUCT_BUNDLE_IDENTIFIER = in.adityakr;
				PRODUCT_NAME = "$(TARGET_NAME)";
				PROVISIONING_PROFILE_SPECIFIER = "";
				SWIFT_VERSION = 5.0;
				TARGETED_DEVICE_FAMILY = 1;
			};
			name = Release;
		};
		224FECDD262060E8000D0D9A /* Debug */ = {
			isa = XCBuildConfiguration;
			buildSettings = {
				ALWAYS_EMBED_SWIFT_STANDARD_LIBRARIES = YES;
				BUNDLE_LOADER = "$(TEST_HOST)";
				"CODE_SIGN_IDENTITY[sdk=macosx*]" = "-";
				CODE_SIGN_STYLE = Automatic;
				INFOPLIST_FILE = screenRecorderTests/Info.plist;
				IPHONEOS_DEPLOYMENT_TARGET = 14.4;
				LD_RUNPATH_SEARCH_PATHS = (
					"$(inherited)",
					"@executable_path/Frameworks",
					"@loader_path/Frameworks",
				);
				PRODUCT_BUNDLE_IDENTIFIER = in.adityakr.screenRecorderTests;
				PRODUCT_NAME = "$(TARGET_NAME)";
				SWIFT_VERSION = 5.0;
				TARGETED_DEVICE_FAMILY = "1,2";
				TEST_HOST = "$(BUILT_PRODUCTS_DIR)/screenRecorder.app/screenRecorder";
			};
			name = Debug;
		};
		224FECDE262060E8000D0D9A /* Release */ = {
			isa = XCBuildConfiguration;
			buildSettings = {
				ALWAYS_EMBED_SWIFT_STANDARD_LIBRARIES = YES;
				BUNDLE_LOADER = "$(TEST_HOST)";
				"CODE_SIGN_IDENTITY[sdk=macosx*]" = "-";
				CODE_SIGN_STYLE = Automatic;
				INFOPLIST_FILE = screenRecorderTests/Info.plist;
				IPHONEOS_DEPLOYMENT_TARGET = 14.4;
				LD_RUNPATH_SEARCH_PATHS = (
					"$(inherited)",
					"@executable_path/Frameworks",
					"@loader_path/Frameworks",
				);
				PRODUCT_BUNDLE_IDENTIFIER = in.adityakr.screenRecorderTests;
				PRODUCT_NAME = "$(TARGET_NAME)";
				SWIFT_VERSION = 5.0;
				TARGETED_DEVICE_FAMILY = "1,2";
				TEST_HOST = "$(BUILT_PRODUCTS_DIR)/screenRecorder.app/screenRecorder";
			};
			name = Release;
		};
		224FECE0262060E8000D0D9A /* Debug */ = {
			isa = XCBuildConfiguration;
			buildSettings = {
				ALWAYS_EMBED_SWIFT_STANDARD_LIBRARIES = YES;
				CODE_SIGN_STYLE = Automatic;
				INFOPLIST_FILE = screenRecorderUITests/Info.plist;
				LD_RUNPATH_SEARCH_PATHS = (
					"$(inherited)",
					"@executable_path/Frameworks",
					"@loader_path/Frameworks",
				);
				PRODUCT_BUNDLE_IDENTIFIER = in.adityakr.screenRecorderUITests;
				PRODUCT_NAME = "$(TARGET_NAME)";
				SWIFT_VERSION = 5.0;
				TARGETED_DEVICE_FAMILY = "1,2";
				TEST_TARGET_NAME = screenRecorder;
			};
			name = Debug;
		};
		224FECE1262060E8000D0D9A /* Release */ = {
			isa = XCBuildConfiguration;
			buildSettings = {
				ALWAYS_EMBED_SWIFT_STANDARD_LIBRARIES = YES;
				CODE_SIGN_STYLE = Automatic;
				INFOPLIST_FILE = screenRecorderUITests/Info.plist;
				LD_RUNPATH_SEARCH_PATHS = (
					"$(inherited)",
					"@executable_path/Frameworks",
					"@loader_path/Frameworks",
				);
				PRODUCT_BUNDLE_IDENTIFIER = in.adityakr.screenRecorderUITests;
				PRODUCT_NAME = "$(TARGET_NAME)";
				SWIFT_VERSION = 5.0;
				TARGETED_DEVICE_FAMILY = "1,2";
				TEST_TARGET_NAME = screenRecorder;
			};
			name = Release;
		};
/* End XCBuildConfiguration section */

/* Begin XCConfigurationList section */
		224FECAA262060E5000D0D9A /* Build configuration list for PBXProject "screenRecorder" */ = {
			isa = XCConfigurationList;
			buildConfigurations = (
				224FECD7262060E8000D0D9A /* Debug */,
				224FECD8262060E8000D0D9A /* Release */,
			);
			defaultConfigurationIsVisible = 0;
			defaultConfigurationName = Release;
		};
		224FECD9262060E8000D0D9A /* Build configuration list for PBXNativeTarget "screenRecorder" */ = {
			isa = XCConfigurationList;
			buildConfigurations = (
				224FECDA262060E8000D0D9A /* Debug */,
				224FECDB262060E8000D0D9A /* Release */,
			);
			defaultConfigurationIsVisible = 0;
			defaultConfigurationName = Release;
		};
		224FECDC262060E8000D0D9A /* Build configuration list for PBXNativeTarget "screenRecorderTests" */ = {
			isa = XCConfigurationList;
			buildConfigurations = (
				224FECDD262060E8000D0D9A /* Debug */,
				224FECDE262060E8000D0D9A /* Release */,
			);
			defaultConfigurationIsVisible = 0;
			defaultConfigurationName = Release;
		};
		224FECDF262060E8000D0D9A /* Build configuration list for PBXNativeTarget "screenRecorderUITests" */ = {
			isa = XCConfigurationList;
			buildConfigurations = (
				224FECE0262060E8000D0D9A /* Debug */,
				224FECE1262060E8000D0D9A /* Release */,
			);
			defaultConfigurationIsVisible = 0;
			defaultConfigurationName = Release;
		};
/* End XCConfigurationList section */
	};
	rootObject = 224FECA7262060E5000D0D9A /* Project object */;
}
